// !$*UTF8*$!
{
	archiveVersion = 1;
	classes = {
	};
	objectVersion = 46;
	objects = {

/* Begin PBXBuildFile section */
		00F4DB8D1F0B701A00A4783B /* AppDelegate.swift in Sources */ = {isa = PBXBuildFile; fileRef = 00F4DB8C1F0B701A00A4783B /* AppDelegate.swift */; };
		00F4DB921F0B701A00A4783B /* Main.storyboard in Resources */ = {isa = PBXBuildFile; fileRef = 00F4DB901F0B701A00A4783B /* Main.storyboard */; };
		00F4DB941F0B701A00A4783B /* Assets.xcassets in Resources */ = {isa = PBXBuildFile; fileRef = 00F4DB931F0B701A00A4783B /* Assets.xcassets */; };
		00F4DB971F0B701A00A4783B /* LaunchScreen.storyboard in Resources */ = {isa = PBXBuildFile; fileRef = 00F4DB951F0B701A00A4783B /* LaunchScreen.storyboard */; };
		00F4DBA21F0B701A00A4783B /* DrawerTests.swift in Sources */ = {isa = PBXBuildFile; fileRef = 00F4DBA11F0B701A00A4783B /* DrawerTests.swift */; };
		00F4DBAD1F0B701A00A4783B /* DrawerUITests.swift in Sources */ = {isa = PBXBuildFile; fileRef = 00F4DBAC1F0B701A00A4783B /* DrawerUITests.swift */; };
		00F4DBBB1F0B773C00A4783B /* RSCommon.swift in Sources */ = {isa = PBXBuildFile; fileRef = 00F4DBBA1F0B773C00A4783B /* RSCommon.swift */; };
		00F4DBBE1F0B7C7000A4783B /* LeftViewController.swift in Sources */ = {isa = PBXBuildFile; fileRef = 00F4DBBC1F0B7C7000A4783B /* LeftViewController.swift */; };
		00F4DBBF1F0B7C7000A4783B /* LeftViewController.xib in Resources */ = {isa = PBXBuildFile; fileRef = 00F4DBBD1F0B7C7000A4783B /* LeftViewController.xib */; };
		00F4DBC21F0B7D9900A4783B /* MainViewController.swift in Sources */ = {isa = PBXBuildFile; fileRef = 00F4DBC01F0B7D9900A4783B /* MainViewController.swift */; };
		00F4DBC31F0B7D9900A4783B /* MainViewController.xib in Resources */ = {isa = PBXBuildFile; fileRef = 00F4DBC11F0B7D9900A4783B /* MainViewController.xib */; };
		00F4DBC51F0B8C8100A4783B /* DrawerViewController.swift in Sources */ = {isa = PBXBuildFile; fileRef = 00F4DBC41F0B8C8100A4783B /* DrawerViewController.swift */; };
/* End PBXBuildFile section */

/* Begin PBXContainerItemProxy section */
		00F4DB9E1F0B701A00A4783B /* PBXContainerItemProxy */ = {
			isa = PBXContainerItemProxy;
			containerPortal = 00F4DB811F0B701A00A4783B /* Project object */;
			proxyType = 1;
			remoteGlobalIDString = 00F4DB881F0B701A00A4783B;
			remoteInfo = Drawer;
		};
		00F4DBA91F0B701A00A4783B /* PBXContainerItemProxy */ = {
			isa = PBXContainerItemProxy;
			containerPortal = 00F4DB811F0B701A00A4783B /* Project object */;
			proxyType = 1;
			remoteGlobalIDString = 00F4DB881F0B701A00A4783B;
			remoteInfo = Drawer;
		};
/* End PBXContainerItemProxy section */

/* Begin PBXFileReference section */
		00F4DB891F0B701A00A4783B /* Drawer.app */ = {isa = PBXFileReference; explicitFileType = wrapper.application; includeInIndex = 0; path = Drawer.app; sourceTree = BUILT_PRODUCTS_DIR; };
		00F4DB8C1F0B701A00A4783B /* AppDelegate.swift */ = {isa = PBXFileReference; lastKnownFileType = sourcecode.swift; path = AppDelegate.swift; sourceTree = "<group>"; };
		00F4DB911F0B701A00A4783B /* Base */ = {isa = PBXFileReference; lastKnownFileType = file.storyboard; name = Base; path = Base.lproj/Main.storyboard; sourceTree = "<group>"; };
		00F4DB931F0B701A00A4783B /* Assets.xcassets */ = {isa = PBXFileReference; lastKnownFileType = folder.assetcatalog; path = Assets.xcassets; sourceTree = "<group>"; };
		00F4DB961F0B701A00A4783B /* Base */ = {isa = PBXFileReference; lastKnownFileType = file.storyboard; name = Base; path = Base.lproj/LaunchScreen.storyboard; sourceTree = "<group>"; };
		00F4DB981F0B701A00A4783B /* Info.plist */ = {isa = PBXFileReference; lastKnownFileType = text.plist.xml; path = Info.plist; sourceTree = "<group>"; };
		00F4DB9D1F0B701A00A4783B /* DrawerTests.xctest */ = {isa = PBXFileReference; explicitFileType = wrapper.cfbundle; includeInIndex = 0; path = DrawerTests.xctest; sourceTree = BUILT_PRODUCTS_DIR; };
		00F4DBA11F0B701A00A4783B /* DrawerTests.swift */ = {isa = PBXFileReference; lastKnownFileType = sourcecode.swift; path = DrawerTests.swift; sourceTree = "<group>"; };
		00F4DBA31F0B701A00A4783B /* Info.plist */ = {isa = PBXFileReference; lastKnownFileType = text.plist.xml; path = Info.plist; sourceTree = "<group>"; };
		00F4DBA81F0B701A00A4783B /* DrawerUITests.xctest */ = {isa = PBXFileReference; explicitFileType = wrapper.cfbundle; includeInIndex = 0; path = DrawerUITests.xctest; sourceTree = BUILT_PRODUCTS_DIR; };
		00F4DBAC1F0B701A00A4783B /* DrawerUITests.swift */ = {isa = PBXFileReference; lastKnownFileType = sourcecode.swift; path = DrawerUITests.swift; sourceTree = "<group>"; };
		00F4DBAE1F0B701A00A4783B /* Info.plist */ = {isa = PBXFileReference; lastKnownFileType = text.plist.xml; path = Info.plist; sourceTree = "<group>"; };
		00F4DBBA1F0B773C00A4783B /* RSCommon.swift */ = {isa = PBXFileReference; fileEncoding = 4; lastKnownFileType = sourcecode.swift; path = RSCommon.swift; sourceTree = "<group>"; };
		00F4DBBC1F0B7C7000A4783B /* LeftViewController.swift */ = {isa = PBXFileReference; fileEncoding = 4; lastKnownFileType = sourcecode.swift; path = LeftViewController.swift; sourceTree = "<group>"; };
		00F4DBBD1F0B7C7000A4783B /* LeftViewController.xib */ = {isa = PBXFileReference; fileEncoding = 4; lastKnownFileType = file.xib; path = LeftViewController.xib; sourceTree = "<group>"; };
		00F4DBC01F0B7D9900A4783B /* MainViewController.swift */ = {isa = PBXFileReference; fileEncoding = 4; lastKnownFileType = sourcecode.swift; path = MainViewController.swift; sourceTree = "<group>"; };
		00F4DBC11F0B7D9900A4783B /* MainViewController.xib */ = {isa = PBXFileReference; fileEncoding = 4; lastKnownFileType = file.xib; path = MainViewController.xib; sourceTree = "<group>"; };
		00F4DBC41F0B8C8100A4783B /* DrawerViewController.swift */ = {isa = PBXFileReference; fileEncoding = 4; lastKnownFileType = sourcecode.swift; path = DrawerViewController.swift; sourceTree = "<group>"; };
/* End PBXFileReference section */

/* Begin PBXFrameworksBuildPhase section */
		00F4DB861F0B701A00A4783B /* Frameworks */ = {
			isa = PBXFrameworksBuildPhase;
			buildActionMask = 2147483647;
			files = (
			);
			runOnlyForDeploymentPostprocessing = 0;
		};
		00F4DB9A1F0B701A00A4783B /* Frameworks */ = {
			isa = PBXFrameworksBuildPhase;
			buildActionMask = 2147483647;
			files = (
			);
			runOnlyForDeploymentPostprocessing = 0;
		};
		00F4DBA51F0B701A00A4783B /* Frameworks */ = {
			isa = PBXFrameworksBuildPhase;
			buildActionMask = 2147483647;
			files = (
			);
			runOnlyForDeploymentPostprocessing = 0;
		};
/* End PBXFrameworksBuildPhase section */

/* Begin PBXGroup section */
		00F4DB801F0B701A00A4783B = {
			isa = PBXGroup;
			children = (
				00F4DB8B1F0B701A00A4783B /* Drawer */,
				00F4DBA01F0B701A00A4783B /* DrawerTests */,
				00F4DBAB1F0B701A00A4783B /* DrawerUITests */,
				00F4DB8A1F0B701A00A4783B /* Products */,
			);
			sourceTree = "<group>";
		};
		00F4DB8A1F0B701A00A4783B /* Products */ = {
			isa = PBXGroup;
			children = (
				00F4DB891F0B701A00A4783B /* Drawer.app */,
				00F4DB9D1F0B701A00A4783B /* DrawerTests.xctest */,
				00F4DBA81F0B701A00A4783B /* DrawerUITests.xctest */,
			);
			name = Products;
			sourceTree = "<group>";
		};
		00F4DB8B1F0B701A00A4783B /* Drawer */ = {
			isa = PBXGroup;
			children = (
				00F4DB8C1F0B701A00A4783B /* AppDelegate.swift */,
				00F4DBBA1F0B773C00A4783B /* RSCommon.swift */,
				00F4DBC41F0B8C8100A4783B /* DrawerViewController.swift */,
				00F4DBC01F0B7D9900A4783B /* MainViewController.swift */,
				00F4DBC11F0B7D9900A4783B /* MainViewController.xib */,
				00F4DBBC1F0B7C7000A4783B /* LeftViewController.swift */,
				00F4DBBD1F0B7C7000A4783B /* LeftViewController.xib */,
				00F4DB901F0B701A00A4783B /* Main.storyboard */,
				00F4DB931F0B701A00A4783B /* Assets.xcassets */,
				00F4DB951F0B701A00A4783B /* LaunchScreen.storyboard */,
				00F4DB981F0B701A00A4783B /* Info.plist */,
			);
			path = Drawer;
			sourceTree = "<group>";
		};
		00F4DBA01F0B701A00A4783B /* DrawerTests */ = {
			isa = PBXGroup;
			children = (
				00F4DBA11F0B701A00A4783B /* DrawerTests.swift */,
				00F4DBA31F0B701A00A4783B /* Info.plist */,
			);
			path = DrawerTests;
			sourceTree = "<group>";
		};
		00F4DBAB1F0B701A00A4783B /* DrawerUITests */ = {
			isa = PBXGroup;
			children = (
				00F4DBAC1F0B701A00A4783B /* DrawerUITests.swift */,
				00F4DBAE1F0B701A00A4783B /* Info.plist */,
			);
			path = DrawerUITests;
			sourceTree = "<group>";
		};
/* End PBXGroup section */

/* Begin PBXNativeTarget section */
		00F4DB881F0B701A00A4783B /* Drawer */ = {
			isa = PBXNativeTarget;
			buildConfigurationList = 00F4DBB11F0B701A00A4783B /* Build configuration list for PBXNativeTarget "Drawer" */;
			buildPhases = (
				00F4DB851F0B701A00A4783B /* Sources */,
				00F4DB861F0B701A00A4783B /* Frameworks */,
				00F4DB871F0B701A00A4783B /* Resources */,
			);
			buildRules = (
			);
			dependencies = (
			);
			name = Drawer;
			productName = Drawer;
			productReference = 00F4DB891F0B701A00A4783B /* Drawer.app */;
			productType = "com.apple.product-type.application";
		};
		00F4DB9C1F0B701A00A4783B /* DrawerTests */ = {
			isa = PBXNativeTarget;
			buildConfigurationList = 00F4DBB41F0B701A00A4783B /* Build configuration list for PBXNativeTarget "DrawerTests" */;
			buildPhases = (
				00F4DB991F0B701A00A4783B /* Sources */,
				00F4DB9A1F0B701A00A4783B /* Frameworks */,
				00F4DB9B1F0B701A00A4783B /* Resources */,
			);
			buildRules = (
			);
			dependencies = (
				00F4DB9F1F0B701A00A4783B /* PBXTargetDependency */,
			);
			name = DrawerTests;
			productName = DrawerTests;
			productReference = 00F4DB9D1F0B701A00A4783B /* DrawerTests.xctest */;
			productType = "com.apple.product-type.bundle.unit-test";
		};
		00F4DBA71F0B701A00A4783B /* DrawerUITests */ = {
			isa = PBXNativeTarget;
			buildConfigurationList = 00F4DBB71F0B701A00A4783B /* Build configuration list for PBXNativeTarget "DrawerUITests" */;
			buildPhases = (
				00F4DBA41F0B701A00A4783B /* Sources */,
				00F4DBA51F0B701A00A4783B /* Frameworks */,
				00F4DBA61F0B701A00A4783B /* Resources */,
			);
			buildRules = (
			);
			dependencies = (
				00F4DBAA1F0B701A00A4783B /* PBXTargetDependency */,
			);
			name = DrawerUITests;
			productName = DrawerUITests;
			productReference = 00F4DBA81F0B701A00A4783B /* DrawerUITests.xctest */;
			productType = "com.apple.product-type.bundle.ui-testing";
		};
/* End PBXNativeTarget section */

/* Begin PBXProject section */
		00F4DB811F0B701A00A4783B /* Project object */ = {
			isa = PBXProject;
			attributes = {
				LastSwiftUpdateCheck = 0830;
				LastUpgradeCheck = 0830;
				ORGANIZATIONNAME = wheng;
				TargetAttributes = {
					00F4DB881F0B701A00A4783B = {
						CreatedOnToolsVersion = 8.3.3;
						ProvisioningStyle = Automatic;
					};
					00F4DB9C1F0B701A00A4783B = {
						CreatedOnToolsVersion = 8.3.3;
						ProvisioningStyle = Automatic;
						TestTargetID = 00F4DB881F0B701A00A4783B;
					};
					00F4DBA71F0B701A00A4783B = {
						CreatedOnToolsVersion = 8.3.3;
						ProvisioningStyle = Automatic;
						TestTargetID = 00F4DB881F0B701A00A4783B;
					};
				};
			};
			buildConfigurationList = 00F4DB841F0B701A00A4783B /* Build configuration list for PBXProject "Drawer" */;
			compatibilityVersion = "Xcode 3.2";
			developmentRegion = English;
			hasScannedForEncodings = 0;
			knownRegions = (
				en,
				Base,
			);
			mainGroup = 00F4DB801F0B701A00A4783B;
			productRefGroup = 00F4DB8A1F0B701A00A4783B /* Products */;
			projectDirPath = "";
			projectRoot = "";
			targets = (
				00F4DB881F0B701A00A4783B /* Drawer */,
				00F4DB9C1F0B701A00A4783B /* DrawerTests */,
				00F4DBA71F0B701A00A4783B /* DrawerUITests */,
			);
		};
/* End PBXProject section */

/* Begin PBXResourcesBuildPhase section */
		00F4DB871F0B701A00A4783B /* Resources */ = {
			isa = PBXResourcesBuildPhase;
			buildActionMask = 2147483647;
			files = (
				00F4DB971F0B701A00A4783B /* LaunchScreen.storyboard in Resources */,
				00F4DBBF1F0B7C7000A4783B /* LeftViewController.xib in Resources */,
				00F4DBC31F0B7D9900A4783B /* MainViewController.xib in Resources */,
				00F4DB941F0B701A00A4783B /* Assets.xcassets in Resources */,
				00F4DB921F0B701A00A4783B /* Main.storyboard in Resources */,
			);
			runOnlyForDeploymentPostprocessing = 0;
		};
		00F4DB9B1F0B701A00A4783B /* Resources */ = {
			isa = PBXResourcesBuildPhase;
			buildActionMask = 2147483647;
			files = (
			);
			runOnlyForDeploymentPostprocessing = 0;
		};
		00F4DBA61F0B701A00A4783B /* Resources */ = {
			isa = PBXResourcesBuildPhase;
			buildActionMask = 2147483647;
			files = (
			);
			runOnlyForDeploymentPostprocessing = 0;
		};
/* End PBXResourcesBuildPhase section */

/* Begin PBXSourcesBuildPhase section */
		00F4DB851F0B701A00A4783B /* Sources */ = {
			isa = PBXSourcesBuildPhase;
			buildActionMask = 2147483647;
			files = (
				00F4DBBE1F0B7C7000A4783B /* LeftViewController.swift in Sources */,
				00F4DB8D1F0B701A00A4783B /* AppDelegate.swift in Sources */,
				00F4DBBB1F0B773C00A4783B /* RSCommon.swift in Sources */,
				00F4DBC21F0B7D9900A4783B /* MainViewController.swift in Sources */,
				00F4DBC51F0B8C8100A4783B /* DrawerViewController.swift in Sources */,
			);
			runOnlyForDeploymentPostprocessing = 0;
		};
		00F4DB991F0B701A00A4783B /* Sources */ = {
			isa = PBXSourcesBuildPhase;
			buildActionMask = 2147483647;
			files = (
				00F4DBA21F0B701A00A4783B /* DrawerTests.swift in Sources */,
			);
			runOnlyForDeploymentPostprocessing = 0;
		};
		00F4DBA41F0B701A00A4783B /* Sources */ = {
			isa = PBXSourcesBuildPhase;
			buildActionMask = 2147483647;
			files = (
				00F4DBAD1F0B701A00A4783B /* DrawerUITests.swift in Sources */,
			);
			runOnlyForDeploymentPostprocessing = 0;
		};
/* End PBXSourcesBuildPhase section */

/* Begin PBXTargetDependency section */
		00F4DB9F1F0B701A00A4783B /* PBXTargetDependency */ = {
			isa = PBXTargetDependency;
			target = 00F4DB881F0B701A00A4783B /* Drawer */;
			targetProxy = 00F4DB9E1F0B701A00A4783B /* PBXContainerItemProxy */;
		};
		00F4DBAA1F0B701A00A4783B /* PBXTargetDependency */ = {
			isa = PBXTargetDependency;
			target = 00F4DB881F0B701A00A4783B /* Drawer */;
			targetProxy = 00F4DBA91F0B701A00A4783B /* PBXContainerItemProxy */;
		};
/* End PBXTargetDependency section */

/* Begin PBXVariantGroup section */
		00F4DB901F0B701A00A4783B /* Main.storyboard */ = {
			isa = PBXVariantGroup;
			children = (
				00F4DB911F0B701A00A4783B /* Base */,
			);
			name = Main.storyboard;
			sourceTree = "<group>";
		};
		00F4DB951F0B701A00A4783B /* LaunchScreen.storyboard */ = {
			isa = PBXVariantGroup;
			children = (
				00F4DB961F0B701A00A4783B /* Base */,
			);
			name = LaunchScreen.storyboard;
			sourceTree = "<group>";
		};
/* End PBXVariantGroup section */

/* Begin XCBuildConfiguration section */
		00F4DBAF1F0B701A00A4783B /* Debug */ = {
			isa = XCBuildConfiguration;
			buildSettings = {
				ALWAYS_SEARCH_USER_PATHS = NO;
				CLANG_ANALYZER_NONNULL = YES;
				CLANG_ANALYZER_NUMBER_OBJECT_CONVERSION = YES_AGGRESSIVE;
				CLANG_CXX_LANGUAGE_STANDARD = "gnu++0x";
				CLANG_CXX_LIBRARY = "libc++";
				CLANG_ENABLE_MODULES = YES;
				CLANG_ENABLE_OBJC_ARC = YES;
				CLANG_WARN_BOOL_CONVERSION = YES;
				CLANG_WARN_CONSTANT_CONVERSION = YES;
				CLANG_WARN_DIRECT_OBJC_ISA_USAGE = YES_ERROR;
				CLANG_WARN_DOCUMENTATION_COMMENTS = YES;
				CLANG_WARN_EMPTY_BODY = YES;
				CLANG_WARN_ENUM_CONVERSION = YES;
				CLANG_WARN_INFINITE_RECURSION = YES;
				CLANG_WARN_INT_CONVERSION = YES;
				CLANG_WARN_OBJC_ROOT_CLASS = YES_ERROR;
				CLANG_WARN_SUSPICIOUS_MOVE = YES;
				CLANG_WARN_UNREACHABLE_CODE = YES;
				CLANG_WARN__DUPLICATE_METHOD_MATCH = YES;
				"CODE_SIGN_IDENTITY[sdk=iphoneos*]" = "iPhone Developer";
				COPY_PHASE_STRIP = NO;
				DEBUG_INFORMATION_FORMAT = dwarf;
				ENABLE_STRICT_OBJC_MSGSEND = YES;
				ENABLE_TESTABILITY = YES;
				GCC_C_LANGUAGE_STANDARD = gnu99;
				GCC_DYNAMIC_NO_PIC = NO;
				GCC_NO_COMMON_BLOCKS = YES;
				GCC_OPTIMIZATION_LEVEL = 0;
				GCC_PREPROCESSOR_DEFINITIONS = (
					"DEBUG=1",
					"$(inherited)",
				);
				GCC_WARN_64_TO_32_BIT_CONVERSION = YES;
				GCC_WARN_ABOUT_RETURN_TYPE = YES_ERROR;
				GCC_WARN_UNDECLARED_SELECTOR = YES;
				GCC_WARN_UNINITIALIZED_AUTOS = YES_AGGRESSIVE;
				GCC_WARN_UNUSED_FUNCTION = YES;
				GCC_WARN_UNUSED_VARIABLE = YES;
				IPHONEOS_DEPLOYMENT_TARGET = 10.3;
				MTL_ENABLE_DEBUG_INFO = YES;
				ONLY_ACTIVE_ARCH = YES;
				SDKROOT = iphoneos;
				SWIFT_ACTIVE_COMPILATION_CONDITIONS = DEBUG;
				SWIFT_OPTIMIZATION_LEVEL = "-Onone";
				TARGETED_DEVICE_FAMILY = "1,2";
			};
			name = Debug;
		};
		00F4DBB01F0B701A00A4783B /* Release */ = {
			isa = XCBuildConfiguration;
			buildSettings = {
				ALWAYS_SEARCH_USER_PATHS = NO;
				CLANG_ANALYZER_NONNULL = YES;
				CLANG_ANALYZER_NUMBER_OBJECT_CONVERSION = YES_AGGRESSIVE;
				CLANG_CXX_LANGUAGE_STANDARD = "gnu++0x";
				CLANG_CXX_LIBRARY = "libc++";
				CLANG_ENABLE_MODULES = YES;
				CLANG_ENABLE_OBJC_ARC = YES;
				CLANG_WARN_BOOL_CONVERSION = YES;
				CLANG_WARN_CONSTANT_CONVERSION = YES;
				CLANG_WARN_DIRECT_OBJC_ISA_USAGE = YES_ERROR;
				CLANG_WARN_DOCUMENTATION_COMMENTS = YES;
				CLANG_WARN_EMPTY_BODY = YES;
				CLANG_WARN_ENUM_CONVERSION = YES;
				CLANG_WARN_INFINITE_RECURSION = YES;
				CLANG_WARN_INT_CONVERSION = YES;
				CLANG_WARN_OBJC_ROOT_CLASS = YES_ERROR;
				CLANG_WARN_SUSPICIOUS_MOVE = YES;
				CLANG_WARN_UNREACHABLE_CODE = YES;
				CLANG_WARN__DUPLICATE_METHOD_MATCH = YES;
				"CODE_SIGN_IDENTITY[sdk=iphoneos*]" = "iPhone Developer";
				COPY_PHASE_STRIP = NO;
				DEBUG_INFORMATION_FORMAT = "dwarf-with-dsym";
				ENABLE_NS_ASSERTIONS = NO;
				ENABLE_STRICT_OBJC_MSGSEND = YES;
				GCC_C_LANGUAGE_STANDARD = gnu99;
				GCC_NO_COMMON_BLOCKS = YES;
				GCC_WARN_64_TO_32_BIT_CONVERSION = YES;
				GCC_WARN_ABOUT_RETURN_TYPE = YES_ERROR;
				GCC_WARN_UNDECLARED_SELECTOR = YES;
				GCC_WARN_UNINITIALIZED_AUTOS = YES_AGGRESSIVE;
				GCC_WARN_UNUSED_FUNCTION = YES;
				GCC_WARN_UNUSED_VARIABLE = YES;
				IPHONEOS_DEPLOYMENT_TARGET = 10.3;
				MTL_ENABLE_DEBUG_INFO = NO;
				SDKROOT = iphoneos;
				SWIFT_OPTIMIZATION_LEVEL = "-Owholemodule";
				TARGETED_DEVICE_FAMILY = "1,2";
				VALIDATE_PRODUCT = YES;
			};
			name = Release;
		};
		00F4DBB21F0B701A00A4783B /* Debug */ = {
			isa = XCBuildConfiguration;
			buildSettings = {
				ASSETCATALOG_COMPILER_APPICON_NAME = AppIcon;
				INFOPLIST_FILE = Drawer/Info.plist;
				LD_RUNPATH_SEARCH_PATHS = "$(inherited) @executable_path/Frameworks";
				PRODUCT_BUNDLE_IDENTIFIER = com.lvya.Drawer;
				PRODUCT_NAME = "$(TARGET_NAME)";
				SWIFT_VERSION = 3.0;
			};
			name = Debug;
		};
		00F4DBB31F0B701A00A4783B /* Release */ = {
			isa = XCBuildConfiguration;
			buildSettings = {
				ASSETCATALOG_COMPILER_APPICON_NAME = AppIcon;
				INFOPLIST_FILE = Drawer/Info.plist;
				LD_RUNPATH_SEARCH_PATHS = "$(inherited) @executable_path/Frameworks";
				PRODUCT_BUNDLE_IDENTIFIER = com.lvya.Drawer;
				PRODUCT_NAME = "$(TARGET_NAME)";
				SWIFT_VERSION = 3.0;
			};
			name = Release;
		};
		00F4DBB51F0B701A00A4783B /* Debug */ = {
			isa = XCBuildConfiguration;
			buildSettings = {
				ALWAYS_EMBED_SWIFT_STANDARD_LIBRARIES = YES;
				BUNDLE_LOADER = "$(TEST_HOST)";
				INFOPLIST_FILE = DrawerTests/Info.plist;
				LD_RUNPATH_SEARCH_PATHS = "$(inherited) @executable_path/Frameworks @loader_path/Frameworks";
				PRODUCT_BUNDLE_IDENTIFIER = com.lvya.DrawerTests;
				PRODUCT_NAME = "$(TARGET_NAME)";
				SWIFT_VERSION = 3.0;
				TEST_HOST = "$(BUILT_PRODUCTS_DIR)/Drawer.app/Drawer";
			};
			name = Debug;
		};
		00F4DBB61F0B701A00A4783B /* Release */ = {
			isa = XCBuildConfiguration;
			buildSettings = {
				ALWAYS_EMBED_SWIFT_STANDARD_LIBRARIES = YES;
				BUNDLE_LOADER = "$(TEST_HOST)";
				INFOPLIST_FILE = DrawerTests/Info.plist;
				LD_RUNPATH_SEARCH_PATHS = "$(inherited) @executable_path/Frameworks @loader_path/Frameworks";
				PRODUCT_BUNDLE_IDENTIFIER = com.lvya.DrawerTests;
				PRODUCT_NAME = "$(TARGET_NAME)";
				SWIFT_VERSION = 3.0;
				TEST_HOST = "$(BUILT_PRODUCTS_DIR)/Drawer.app/Drawer";
			};
			name = Release;
		};
		00F4DBB81F0B701A00A4783B /* Debug */ = {
			isa = XCBuildConfiguration;
			buildSettings = {
				ALWAYS_EMBED_SWIFT_STANDARD_LIBRARIES = YES;
				INFOPLIST_FILE = DrawerUITests/Info.plist;
				LD_RUNPATH_SEARCH_PATHS = "$(inherited) @executable_path/Frameworks @loader_path/Frameworks";
				PRODUCT_BUNDLE_IDENTIFIER = com.lvya.DrawerUITests;
				PRODUCT_NAME = "$(TARGET_NAME)";
				SWIFT_VERSION = 3.0;
				TEST_TARGET_NAME = Drawer;
			};
			name = Debug;
		};
		00F4DBB91F0B701A00A4783B /* Release */ = {
			isa = XCBuildConfiguration;
			buildSettings = {
				ALWAYS_EMBED_SWIFT_STANDARD_LIBRARIES = YES;
				INFOPLIST_FILE = DrawerUITests/Info.plist;
				LD_RUNPATH_SEARCH_PATHS = "$(inherited) @executable_path/Frameworks @loader_path/Frameworks";
				PRODUCT_BUNDLE_IDENTIFIER = com.lvya.DrawerUITests;
				PRODUCT_NAME = "$(TARGET_NAME)";
				SWIFT_VERSION = 3.0;
				TEST_TARGET_NAME = Drawer;
			};
			name = Release;
		};
/* End XCBuildConfiguration section */

/* Begin XCConfigurationList section */
		00F4DB841F0B701A00A4783B /* Build configuration list for PBXProject "Drawer" */ = {
			isa = XCConfigurationList;
			buildConfigurations = (
				00F4DBAF1F0B701A00A4783B /* Debug */,
				00F4DBB01F0B701A00A4783B /* Release */,
			);
			defaultConfigurationIsVisible = 0;
			defaultConfigurationName = Release;
		};
		00F4DBB11F0B701A00A4783B /* Build configuration list for PBXNativeTarget "Drawer" */ = {
			isa = XCConfigurationList;
			buildConfigurations = (
				00F4DBB21F0B701A00A4783B /* Debug */,
				00F4DBB31F0B701A00A4783B /* Release */,
			);
			defaultConfigurationIsVisible = 0;
		};
		00F4DBB41F0B701A00A4783B /* Build configuration list for PBXNativeTarget "DrawerTests" */ = {
			isa = XCConfigurationList;
			buildConfigurations = (
				00F4DBB51F0B701A00A4783B /* Debug */,
				00F4DBB61F0B701A00A4783B /* Release */,
			);
			defaultConfigurationIsVisible = 0;
		};
		00F4DBB71F0B701A00A4783B /* Build configuration list for PBXNativeTarget "DrawerUITests" */ = {
			isa = XCConfigurationList;
			buildConfigurations = (
				00F4DBB81F0B701A00A4783B /* Debug */,
				00F4DBB91F0B701A00A4783B /* Release */,
			);
			defaultConfigurationIsVisible = 0;
		};
/* End XCConfigurationList section */
	};
	rootObject = 00F4DB811F0B701A00A4783B /* Project object */;
}
